
Microsoft Visual Studio Solution File, Format Version 12.00
# Visual Studio 2015
Project("{FAE04EC0-301F-11D3-BF4B-00C04F79EFBC}") = "aw.CSharp", "aw.CSharp.csproj", "{35E5F167-CAE8-6DF8-BD78-3D2B96BFD952}"
EndProject
Project("{FAE04EC0-301F-11D3-BF4B-00C04F79EFBC}") = "aw.CSharp.Editor", "aw.CSharp.Editor.csproj", "{8317BE6F-FEE7-0909-5843-3F21B7F34383}"
EndProject
Global
	GlobalSection(SolutionConfigurationPlatforms) = preSolution
		Debug|Any CPU = Debug|Any CPU
		Release|Any CPU = Release|Any CPU
	EndGlobalSection
	GlobalSection(ProjectConfigurationPlatforms) = postSolution
		{35E5F167-CAE8-6DF8-BD78-3D2B96BFD952}.Debug|Any CPU.ActiveCfg = Debug|Any CPU
		{35E5F167-CAE8-6DF8-BD78-3D2B96BFD952}.Debug|Any CPU.Build.0 = Debug|Any CPU
		{35E5F167-CAE8-6DF8-BD78-3D2B96BFD952}.Release|Any CPU.ActiveCfg = Release|Any CPU
		{35E5F167-CAE8-6DF8-BD78-3D2B96BFD952}.Release|Any CPU.Build.0 = Release|Any CPU
		{8317BE6F-FEE7-0909-5843-3F21B7F34383}.Debug|Any CPU.ActiveCfg = Debug|Any CPU
		{8317BE6F-FEE7-0909-5843-3F21B7F34383}.Debug|Any CPU.Build.0 = Debug|Any CPU
		{8317BE6F-FEE7-0909-5843-3F21B7F34383}.Release|Any CPU.ActiveCfg = Release|Any CPU
		{8317BE6F-FEE7-0909-5843-3F21B7F34383}.Release|Any CPU.Build.0 = Release|Any CPU
	EndGlobalSection
	GlobalSection(SolutionProperties) = preSolution
		HideSolutionNode = FALSE
	EndGlobalSection
EndGlobal
